// !$*UTF8*$!
{
	archiveVersion = 1;
	classes = {
	};
	objectVersion = 50;
	objects = {

/* Begin PBXBuildFile section */
		072670E02D50ACAA11008C0C /* Pods_EBBanerViewTest.framework in Frameworks */ = {isa = PBXBuildFile; fileRef = 5203E87A5A2532B94882CE11 /* Pods_EBBanerViewTest.framework */; };
		0D0D1AB022FD73700057B6FE /* AppDelegate.swift in Sources */ = {isa = PBXBuildFile; fileRef = 0D0D1AAF22FD73700057B6FE /* AppDelegate.swift */; };
		0D0D1AB222FD73700057B6FE /* ViewController.swift in Sources */ = {isa = PBXBuildFile; fileRef = 0D0D1AB122FD73700057B6FE /* ViewController.swift */; };
		0D0D1AB522FD73700057B6FE /* Main.storyboard in Resources */ = {isa = PBXBuildFile; fileRef = 0D0D1AB322FD73700057B6FE /* Main.storyboard */; };
		0D0D1AB722FD73720057B6FE /* Assets.xcassets in Resources */ = {isa = PBXBuildFile; fileRef = 0D0D1AB622FD73720057B6FE /* Assets.xcassets */; };
		0D0D1ABA22FD73720057B6FE /* LaunchScreen.storyboard in Resources */ = {isa = PBXBuildFile; fileRef = 0D0D1AB822FD73720057B6FE /* LaunchScreen.storyboard */; };
		0D0D1AC522FD73720057B6FE /* EBBanerViewTestTests.swift in Sources */ = {isa = PBXBuildFile; fileRef = 0D0D1AC422FD73720057B6FE /* EBBanerViewTestTests.swift */; };
		0D0D1AD022FD73720057B6FE /* EBBanerViewTestUITests.swift in Sources */ = {isa = PBXBuildFile; fileRef = 0D0D1ACF22FD73720057B6FE /* EBBanerViewTestUITests.swift */; };
/* End PBXBuildFile section */

/* Begin PBXContainerItemProxy section */
		0D0D1AC122FD73720057B6FE /* PBXContainerItemProxy */ = {
			isa = PBXContainerItemProxy;
			containerPortal = 0D0D1AA422FD73700057B6FE /* Project object */;
			proxyType = 1;
			remoteGlobalIDString = 0D0D1AAB22FD73700057B6FE;
			remoteInfo = EBBanerViewTest;
		};
		0D0D1ACC22FD73720057B6FE /* PBXContainerItemProxy */ = {
			isa = PBXContainerItemProxy;
			containerPortal = 0D0D1AA422FD73700057B6FE /* Project object */;
			proxyType = 1;
			remoteGlobalIDString = 0D0D1AAB22FD73700057B6FE;
			remoteInfo = EBBanerViewTest;
		};
/* End PBXContainerItemProxy section */

/* Begin PBXFileReference section */
		0D0D1AAC22FD73700057B6FE /* EBBanerViewTest.app */ = {isa = PBXFileReference; explicitFileType = wrapper.application; includeInIndex = 0; path = EBBanerViewTest.app; sourceTree = BUILT_PRODUCTS_DIR; };
		0D0D1AAF22FD73700057B6FE /* AppDelegate.swift */ = {isa = PBXFileReference; lastKnownFileType = sourcecode.swift; path = AppDelegate.swift; sourceTree = "<group>"; };
		0D0D1AB122FD73700057B6FE /* ViewController.swift */ = {isa = PBXFileReference; lastKnownFileType = sourcecode.swift; path = ViewController.swift; sourceTree = "<group>"; };
		0D0D1AB422FD73700057B6FE /* Base */ = {isa = PBXFileReference; lastKnownFileType = file.storyboard; name = Base; path = Base.lproj/Main.storyboard; sourceTree = "<group>"; };
		0D0D1AB622FD73720057B6FE /* Assets.xcassets */ = {isa = PBXFileReference; lastKnownFileType = folder.assetcatalog; path = Assets.xcassets; sourceTree = "<group>"; };
		0D0D1AB922FD73720057B6FE /* Base */ = {isa = PBXFileReference; lastKnownFileType = file.storyboard; name = Base; path = Base.lproj/LaunchScreen.storyboard; sourceTree = "<group>"; };
		0D0D1ABB22FD73720057B6FE /* Info.plist */ = {isa = PBXFileReference; lastKnownFileType = text.plist.xml; path = Info.plist; sourceTree = "<group>"; };
		0D0D1AC022FD73720057B6FE /* EBBanerViewTestTests.xctest */ = {isa = PBXFileReference; explicitFileType = wrapper.cfbundle; includeInIndex = 0; path = EBBanerViewTestTests.xctest; sourceTree = BUILT_PRODUCTS_DIR; };
		0D0D1AC422FD73720057B6FE /* EBBanerViewTestTests.swift */ = {isa = PBXFileReference; lastKnownFileType = sourcecode.swift; path = EBBanerViewTestTests.swift; sourceTree = "<group>"; };
		0D0D1AC622FD73720057B6FE /* Info.plist */ = {isa = PBXFileReference; lastKnownFileType = text.plist.xml; path = Info.plist; sourceTree = "<group>"; };
		0D0D1ACB22FD73720057B6FE /* EBBanerViewTestUITests.xctest */ = {isa = PBXFileReference; explicitFileType = wrapper.cfbundle; includeInIndex = 0; path = EBBanerViewTestUITests.xctest; sourceTree = BUILT_PRODUCTS_DIR; };
		0D0D1ACF22FD73720057B6FE /* EBBanerViewTestUITests.swift */ = {isa = PBXFileReference; lastKnownFileType = sourcecode.swift; path = EBBanerViewTestUITests.swift; sourceTree = "<group>"; };
		0D0D1AD122FD73720057B6FE /* Info.plist */ = {isa = PBXFileReference; lastKnownFileType = text.plist.xml; path = Info.plist; sourceTree = "<group>"; };
		0D0D1ADD22FD774C0057B6FE /* EBBanerViewTest-Bridging-Header.h */ = {isa = PBXFileReference; lastKnownFileType = sourcecode.c.h; path = "EBBanerViewTest-Bridging-Header.h"; sourceTree = "<group>"; };
		398C0D0AA3D781D11706C1DA /* Pods-EBBanerViewTest.debug.xcconfig */ = {isa = PBXFileReference; includeInIndex = 1; lastKnownFileType = text.xcconfig; name = "Pods-EBBanerViewTest.debug.xcconfig"; path = "Target Support Files/Pods-EBBanerViewTest/Pods-EBBanerViewTest.debug.xcconfig"; sourceTree = "<group>"; };
		5203E87A5A2532B94882CE11 /* Pods_EBBanerViewTest.framework */ = {isa = PBXFileReference; explicitFileType = wrapper.framework; includeInIndex = 0; path = Pods_EBBanerViewTest.framework; sourceTree = BUILT_PRODUCTS_DIR; };
		5A167804135E5A9092C46583 /* Pods-EBBanerViewTest.release.xcconfig */ = {isa = PBXFileReference; includeInIndex = 1; lastKnownFileType = text.xcconfig; name = "Pods-EBBanerViewTest.release.xcconfig"; path = "Target Support Files/Pods-EBBanerViewTest/Pods-EBBanerViewTest.release.xcconfig"; sourceTree = "<group>"; };
/* End PBXFileReference section */

/* Begin PBXFrameworksBuildPhase section */
		0D0D1AA922FD73700057B6FE /* Frameworks */ = {
			isa = PBXFrameworksBuildPhase;
			buildActionMask = 2147483647;
			files = (
				072670E02D50ACAA11008C0C /* Pods_EBBanerViewTest.framework in Frameworks */,
			);
			runOnlyForDeploymentPostprocessing = 0;
		};
		0D0D1ABD22FD73720057B6FE /* Frameworks */ = {
			isa = PBXFrameworksBuildPhase;
			buildActionMask = 2147483647;
			files = (
			);
			runOnlyForDeploymentPostprocessing = 0;
		};
		0D0D1AC822FD73720057B6FE /* Frameworks */ = {
			isa = PBXFrameworksBuildPhase;
			buildActionMask = 2147483647;
			files = (
			);
			runOnlyForDeploymentPostprocessing = 0;
		};
/* End PBXFrameworksBuildPhase section */

/* Begin PBXGroup section */
		0D0D1AA322FD73700057B6FE = {
			isa = PBXGroup;
			children = (
				0D0D1AAE22FD73700057B6FE /* EBBanerViewTest */,
				0D0D1AC322FD73720057B6FE /* EBBanerViewTestTests */,
				0D0D1ACE22FD73720057B6FE /* EBBanerViewTestUITests */,
				0D0D1AAD22FD73700057B6FE /* Products */,
				9FCAF5553EABED12DAFB4E21 /* Pods */,
				75451F0BEA7611F47DD8EB73 /* Frameworks */,
			);
			sourceTree = "<group>";
		};
		0D0D1AAD22FD73700057B6FE /* Products */ = {
			isa = PBXGroup;
			children = (
				0D0D1AAC22FD73700057B6FE /* EBBanerViewTest.app */,
				0D0D1AC022FD73720057B6FE /* EBBanerViewTestTests.xctest */,
				0D0D1ACB22FD73720057B6FE /* EBBanerViewTestUITests.xctest */,
			);
			name = Products;
			sourceTree = "<group>";
		};
		0D0D1AAE22FD73700057B6FE /* EBBanerViewTest */ = {
			isa = PBXGroup;
			children = (
				0D0D1AAF22FD73700057B6FE /* AppDelegate.swift */,
				0D0D1AB122FD73700057B6FE /* ViewController.swift */,
				0D0D1AB322FD73700057B6FE /* Main.storyboard */,
				0D0D1AB622FD73720057B6FE /* Assets.xcassets */,
				0D0D1AB822FD73720057B6FE /* LaunchScreen.storyboard */,
				0D0D1ABB22FD73720057B6FE /* Info.plist */,
				0D0D1ADD22FD774C0057B6FE /* EBBanerViewTest-Bridging-Header.h */,
			);
			path = EBBanerViewTest;
			sourceTree = "<group>";
		};
		0D0D1AC322FD73720057B6FE /* EBBanerViewTestTests */ = {
			isa = PBXGroup;
			children = (
				0D0D1AC422FD73720057B6FE /* EBBanerViewTestTests.swift */,
				0D0D1AC622FD73720057B6FE /* Info.plist */,
			);
			path = EBBanerViewTestTests;
			sourceTree = "<group>";
		};
		0D0D1ACE22FD73720057B6FE /* EBBanerViewTestUITests */ = {
			isa = PBXGroup;
			children = (
				0D0D1ACF22FD73720057B6FE /* EBBanerViewTestUITests.swift */,
				0D0D1AD122FD73720057B6FE /* Info.plist */,
			);
			path = EBBanerViewTestUITests;
			sourceTree = "<group>";
		};
		75451F0BEA7611F47DD8EB73 /* Frameworks */ = {
			isa = PBXGroup;
			children = (
				5203E87A5A2532B94882CE11 /* Pods_EBBanerViewTest.framework */,
			);
			name = Frameworks;
			sourceTree = "<group>";
		};
		9FCAF5553EABED12DAFB4E21 /* Pods */ = {
			isa = PBXGroup;
			children = (
				398C0D0AA3D781D11706C1DA /* Pods-EBBanerViewTest.debug.xcconfig */,
				5A167804135E5A9092C46583 /* Pods-EBBanerViewTest.release.xcconfig */,
			);
			path = Pods;
			sourceTree = "<group>";
		};
/* End PBXGroup section */

/* Begin PBXNativeTarget section */
		0D0D1AAB22FD73700057B6FE /* EBBanerViewTest */ = {
			isa = PBXNativeTarget;
			buildConfigurationList = 0D0D1AD422FD73720057B6FE /* Build configuration list for PBXNativeTarget "EBBanerViewTest" */;
			buildPhases = (
				64AE020136536EBB41444B14 /* [CP] Check Pods Manifest.lock */,
				0D0D1AA822FD73700057B6FE /* Sources */,
				0D0D1AA922FD73700057B6FE /* Frameworks */,
				0D0D1AAA22FD73700057B6FE /* Resources */,
				CAC4291ECF971BAE58322E67 /* [CP] Embed Pods Frameworks */,
			);
			buildRules = (
			);
			dependencies = (
			);
			name = EBBanerViewTest;
			productName = EBBanerViewTest;
			productReference = 0D0D1AAC22FD73700057B6FE /* EBBanerViewTest.app */;
			productType = "com.apple.product-type.application";
		};
		0D0D1ABF22FD73720057B6FE /* EBBanerViewTestTests */ = {
			isa = PBXNativeTarget;
			buildConfigurationList = 0D0D1AD722FD73720057B6FE /* Build configuration list for PBXNativeTarget "EBBanerViewTestTests" */;
			buildPhases = (
				0D0D1ABC22FD73720057B6FE /* Sources */,
				0D0D1ABD22FD73720057B6FE /* Frameworks */,
				0D0D1ABE22FD73720057B6FE /* Resources */,
			);
			buildRules = (
			);
			dependencies = (
				0D0D1AC222FD73720057B6FE /* PBXTargetDependency */,
			);
			name = EBBanerViewTestTests;
			productName = EBBanerViewTestTests;
			productReference = 0D0D1AC022FD73720057B6FE /* EBBanerViewTestTests.xctest */;
			productType = "com.apple.product-type.bundle.unit-test";
		};
		0D0D1ACA22FD73720057B6FE /* EBBanerViewTestUITests */ = {
			isa = PBXNativeTarget;
			buildConfigurationList = 0D0D1ADA22FD73720057B6FE /* Build configuration list for PBXNativeTarget "EBBanerViewTestUITests" */;
			buildPhases = (
				0D0D1AC722FD73720057B6FE /* Sources */,
				0D0D1AC822FD73720057B6FE /* Frameworks */,
				0D0D1AC922FD73720057B6FE /* Resources */,
			);
			buildRules = (
			);
			dependencies = (
				0D0D1ACD22FD73720057B6FE /* PBXTargetDependency */,
			);
			name = EBBanerViewTestUITests;
			productName = EBBanerViewTestUITests;
			productReference = 0D0D1ACB22FD73720057B6FE /* EBBanerViewTestUITests.xctest */;
			productType = "com.apple.product-type.bundle.ui-testing";
		};
/* End PBXNativeTarget section */

/* Begin PBXProject section */
		0D0D1AA422FD73700057B6FE /* Project object */ = {
			isa = PBXProject;
			attributes = {
				LastSwiftUpdateCheck = 1020;
				LastUpgradeCheck = 1020;
				ORGANIZATIONNAME = "纪志刚";
				TargetAttributes = {
					0D0D1AAB22FD73700057B6FE = {
						CreatedOnToolsVersion = 10.2.1;
						LastSwiftMigration = 1020;
					};
					0D0D1ABF22FD73720057B6FE = {
						CreatedOnToolsVersion = 10.2.1;
						TestTargetID = 0D0D1AAB22FD73700057B6FE;
					};
					0D0D1ACA22FD73720057B6FE = {
						CreatedOnToolsVersion = 10.2.1;
						TestTargetID = 0D0D1AAB22FD73700057B6FE;
					};
				};
			};
			buildConfigurationList = 0D0D1AA722FD73700057B6FE /* Build configuration list for PBXProject "EBBanerViewTest" */;
			compatibilityVersion = "Xcode 9.3";
			developmentRegion = en;
			hasScannedForEncodings = 0;
			knownRegions = (
				en,
				Base,
			);
			mainGroup = 0D0D1AA322FD73700057B6FE;
			productRefGroup = 0D0D1AAD22FD73700057B6FE /* Products */;
			projectDirPath = "";
			projectRoot = "";
			targets = (
				0D0D1AAB22FD73700057B6FE /* EBBanerViewTest */,
				0D0D1ABF22FD73720057B6FE /* EBBanerViewTestTests */,
				0D0D1ACA22FD73720057B6FE /* EBBanerViewTestUITests */,
			);
		};
/* End PBXProject section */

/* Begin PBXResourcesBuildPhase section */
		0D0D1AAA22FD73700057B6FE /* Resources */ = {
			isa = PBXResourcesBuildPhase;
			buildActionMask = 2147483647;
			files = (
				0D0D1ABA22FD73720057B6FE /* LaunchScreen.storyboard in Resources */,
				0D0D1AB722FD73720057B6FE /* Assets.xcassets in Resources */,
				0D0D1AB522FD73700057B6FE /* Main.storyboard in Resources */,
			);
			runOnlyForDeploymentPostprocessing = 0;
		};
		0D0D1ABE22FD73720057B6FE /* Resources */ = {
			isa = PBXResourcesBuildPhase;
			buildActionMask = 2147483647;
			files = (
			);
			runOnlyForDeploymentPostprocessing = 0;
		};
		0D0D1AC922FD73720057B6FE /* Resources */ = {
			isa = PBXResourcesBuildPhase;
			buildActionMask = 2147483647;
			files = (
			);
			runOnlyForDeploymentPostprocessing = 0;
		};
/* End PBXResourcesBuildPhase section */

/* Begin PBXShellScriptBuildPhase section */
		64AE020136536EBB41444B14 /* [CP] Check Pods Manifest.lock */ = {
			isa = PBXShellScriptBuildPhase;
			buildActionMask = 2147483647;
			files = (
			);
			inputFileListPaths = (
			);
			inputPaths = (
				"${PODS_PODFILE_DIR_PATH}/Podfile.lock",
				"${PODS_ROOT}/Manifest.lock",
			);
			name = "[CP] Check Pods Manifest.lock";
			outputFileListPaths = (
			);
			outputPaths = (
				"$(DERIVED_FILE_DIR)/Pods-EBBanerViewTest-checkManifestLockResult.txt",
			);
			runOnlyForDeploymentPostprocessing = 0;
			shellPath = /bin/sh;
			shellScript = "diff \"${PODS_PODFILE_DIR_PATH}/Podfile.lock\" \"${PODS_ROOT}/Manifest.lock\" > /dev/null\nif [ $? != 0 ] ; then\n    # print error to STDERR\n    echo \"error: The sandbox is not in sync with the Podfile.lock. Run 'pod install' or update your CocoaPods installation.\" >&2\n    exit 1\nfi\n# This output is used by Xcode 'outputs' to avoid re-running this script phase.\necho \"SUCCESS\" > \"${SCRIPT_OUTPUT_FILE_0}\"\n";
			showEnvVarsInLog = 0;
		};
		CAC4291ECF971BAE58322E67 /* [CP] Embed Pods Frameworks */ = {
			isa = PBXShellScriptBuildPhase;
			buildActionMask = 2147483647;
			files = (
			);
			inputFileListPaths = (
			);
			inputPaths = (
				"${PODS_ROOT}/Target Support Files/Pods-EBBanerViewTest/Pods-EBBanerViewTest-frameworks.sh",
				"${BUILT_PRODUCTS_DIR}/EBBannerView/EBBannerView.framework",
			);
			name = "[CP] Embed Pods Frameworks";
			outputFileListPaths = (
			);
			outputPaths = (
				"${TARGET_BUILD_DIR}/${FRAMEWORKS_FOLDER_PATH}/EBBannerView.framework",
			);
			runOnlyForDeploymentPostprocessing = 0;
			shellPath = /bin/sh;
			shellScript = "\"${PODS_ROOT}/Target Support Files/Pods-EBBanerViewTest/Pods-EBBanerViewTest-frameworks.sh\"\n";
			showEnvVarsInLog = 0;
		};
/* End PBXShellScriptBuildPhase section */

/* Begin PBXSourcesBuildPhase section */
		0D0D1AA822FD73700057B6FE /* Sources */ = {
			isa = PBXSourcesBuildPhase;
			buildActionMask = 2147483647;
			files = (
				0D0D1AB222FD73700057B6FE /* ViewController.swift in Sources */,
				0D0D1AB022FD73700057B6FE /* AppDelegate.swift in Sources */,
			);
			runOnlyForDeploymentPostprocessing = 0;
		};
		0D0D1ABC22FD73720057B6FE /* Sources */ = {
			isa = PBXSourcesBuildPhase;
			buildActionMask = 2147483647;
			files = (
				0D0D1AC522FD73720057B6FE /* EBBanerViewTestTests.swift in Sources */,
			);
			runOnlyForDeploymentPostprocessing = 0;
		};
		0D0D1AC722FD73720057B6FE /* Sources */ = {
			isa = PBXSourcesBuildPhase;
			buildActionMask = 2147483647;
			files = (
				0D0D1AD022FD73720057B6FE /* EBBanerViewTestUITests.swift in Sources */,
			);
			runOnlyForDeploymentPostprocessing = 0;
		};
/* End PBXSourcesBuildPhase section */

/* Begin PBXTargetDependency section */
		0D0D1AC222FD73720057B6FE /* PBXTargetDependency */ = {
			isa = PBXTargetDependency;
			target = 0D0D1AAB22FD73700057B6FE /* EBBanerViewTest */;
			targetProxy = 0D0D1AC122FD73720057B6FE /* PBXContainerItemProxy */;
		};
		0D0D1ACD22FD73720057B6FE /* PBXTargetDependency */ = {
			isa = PBXTargetDependency;
			target = 0D0D1AAB22FD73700057B6FE /* EBBanerViewTest */;
			targetProxy = 0D0D1ACC22FD73720057B6FE /* PBXContainerItemProxy */;
		};
/* End PBXTargetDependency section */

/* Begin PBXVariantGroup section */
		0D0D1AB322FD73700057B6FE /* Main.storyboard */ = {
			isa = PBXVariantGroup;
			children = (
				0D0D1AB422FD73700057B6FE /* Base */,
			);
			name = Main.storyboard;
			sourceTree = "<group>";
		};
		0D0D1AB822FD73720057B6FE /* LaunchScreen.storyboard */ = {
			isa = PBXVariantGroup;
			children = (
				0D0D1AB922FD73720057B6FE /* Base */,
			);
			name = LaunchScreen.storyboard;
			sourceTree = "<group>";
		};
/* End PBXVariantGroup section */

/* Begin XCBuildConfiguration section */
		0D0D1AD222FD73720057B6FE /* Debug */ = {
			isa = XCBuildConfiguration;
			buildSettings = {
				ALWAYS_SEARCH_USER_PATHS = NO;
				CLANG_ANALYZER_NONNULL = YES;
				CLANG_ANALYZER_NUMBER_OBJECT_CONVERSION = YES_AGGRESSIVE;
				CLANG_CXX_LANGUAGE_STANDARD = "gnu++14";
				CLANG_CXX_LIBRARY = "libc++";
				CLANG_ENABLE_MODULES = YES;
				CLANG_ENABLE_OBJC_ARC = YES;
				CLANG_ENABLE_OBJC_WEAK = YES;
				CLANG_WARN_BLOCK_CAPTURE_AUTORELEASING = YES;
				CLANG_WARN_BOOL_CONVERSION = YES;
				CLANG_WARN_COMMA = YES;
				CLANG_WARN_CONSTANT_CONVERSION = YES;
				CLANG_WARN_DEPRECATED_OBJC_IMPLEMENTATIONS = YES;
				CLANG_WARN_DIRECT_OBJC_ISA_USAGE = YES_ERROR;
				CLANG_WARN_DOCUMENTATION_COMMENTS = YES;
				CLANG_WARN_EMPTY_BODY = YES;
				CLANG_WARN_ENUM_CONVERSION = YES;
				CLANG_WARN_INFINITE_RECURSION = YES;
				CLANG_WARN_INT_CONVERSION = YES;
				CLANG_WARN_NON_LITERAL_NULL_CONVERSION = YES;
				CLANG_WARN_OBJC_IMPLICIT_RETAIN_SELF = YES;
				CLANG_WARN_OBJC_LITERAL_CONVERSION = YES;
				CLANG_WARN_OBJC_ROOT_CLASS = YES_ERROR;
				CLANG_WARN_RANGE_LOOP_ANALYSIS = YES;
				CLANG_WARN_STRICT_PROTOTYPES = YES;
				CLANG_WARN_SUSPICIOUS_MOVE = YES;
				CLANG_WARN_UNGUARDED_AVAILABILITY = YES_AGGRESSIVE;
				CLANG_WARN_UNREACHABLE_CODE = YES;
				CLANG_WARN__DUPLICATE_METHOD_MATCH = YES;
				CODE_SIGN_IDENTITY = "iPhone Developer";
				COPY_PHASE_STRIP = NO;
				DEBUG_INFORMATION_FORMAT = dwarf;
				ENABLE_STRICT_OBJC_MSGSEND = YES;
				ENABLE_TESTABILITY = YES;
				GCC_C_LANGUAGE_STANDARD = gnu11;
				GCC_DYNAMIC_NO_PIC = NO;
				GCC_NO_COMMON_BLOCKS = YES;
				GCC_OPTIMIZATION_LEVEL = 0;
				GCC_PREPROCESSOR_DEFINITIONS = (
					"DEBUG=1",
					"$(inherited)",
				);
				GCC_WARN_64_TO_32_BIT_CONVERSION = YES;
				GCC_WARN_ABOUT_RETURN_TYPE = YES_ERROR;
				GCC_WARN_UNDECLARED_SELECTOR = YES;
				GCC_WARN_UNINITIALIZED_AUTOS = YES_AGGRESSIVE;
				GCC_WARN_UNUSED_FUNCTION = YES;
				GCC_WARN_UNUSED_VARIABLE = YES;
				IPHONEOS_DEPLOYMENT_TARGET = 12.2;
				MTL_ENABLE_DEBUG_INFO = INCLUDE_SOURCE;
				MTL_FAST_MATH = YES;
				ONLY_ACTIVE_ARCH = YES;
				SDKROOT = iphoneos;
				SWIFT_ACTIVE_COMPILATION_CONDITIONS = DEBUG;
				SWIFT_OPTIMIZATION_LEVEL = "-Onone";
			};
			name = Debug;
		};
		0D0D1AD322FD73720057B6FE /* Release */ = {
			isa = XCBuildConfiguration;
			buildSettings = {
				ALWAYS_SEARCH_USER_PATHS = NO;
				CLANG_ANALYZER_NONNULL = YES;
				CLANG_ANALYZER_NUMBER_OBJECT_CONVERSION = YES_AGGRESSIVE;
				CLANG_CXX_LANGUAGE_STANDARD = "gnu++14";
				CLANG_CXX_LIBRARY = "libc++";
				CLANG_ENABLE_MODULES = YES;
				CLANG_ENABLE_OBJC_ARC = YES;
				CLANG_ENABLE_OBJC_WEAK = YES;
				CLANG_WARN_BLOCK_CAPTURE_AUTORELEASING = YES;
				CLANG_WARN_BOOL_CONVERSION = YES;
				CLANG_WARN_COMMA = YES;
				CLANG_WARN_CONSTANT_CONVERSION = YES;
				CLANG_WARN_DEPRECATED_OBJC_IMPLEMENTATIONS = YES;
				CLANG_WARN_DIRECT_OBJC_ISA_USAGE = YES_ERROR;
				CLANG_WARN_DOCUMENTATION_COMMENTS = YES;
				CLANG_WARN_EMPTY_BODY = YES;
				CLANG_WARN_ENUM_CONVERSION = YES;
				CLANG_WARN_INFINITE_RECURSION = YES;
				CLANG_WARN_INT_CONVERSION = YES;
				CLANG_WARN_NON_LITERAL_NULL_CONVERSION = YES;
				CLANG_WARN_OBJC_IMPLICIT_RETAIN_SELF = YES;
				CLANG_WARN_OBJC_LITERAL_CONVERSION = YES;
				CLANG_WARN_OBJC_ROOT_CLASS = YES_ERROR;
				CLANG_WARN_RANGE_LOOP_ANALYSIS = YES;
				CLANG_WARN_STRICT_PROTOTYPES = YES;
				CLANG_WARN_SUSPICIOUS_MOVE = YES;
				CLANG_WARN_UNGUARDED_AVAILABILITY = YES_AGGRESSIVE;
				CLANG_WARN_UNREACHABLE_CODE = YES;
				CLANG_WARN__DUPLICATE_METHOD_MATCH = YES;
				CODE_SIGN_IDENTITY = "iPhone Developer";
				COPY_PHASE_STRIP = NO;
				DEBUG_INFORMATION_FORMAT = "dwarf-with-dsym";
				ENABLE_NS_ASSERTIONS = NO;
				ENABLE_STRICT_OBJC_MSGSEND = YES;
				GCC_C_LANGUAGE_STANDARD = gnu11;
				GCC_NO_COMMON_BLOCKS = YES;
				GCC_WARN_64_TO_32_BIT_CONVERSION = YES;
				GCC_WARN_ABOUT_RETURN_TYPE = YES_ERROR;
				GCC_WARN_UNDECLARED_SELECTOR = YES;
				GCC_WARN_UNINITIALIZED_AUTOS = YES_AGGRESSIVE;
				GCC_WARN_UNUSED_FUNCTION = YES;
				GCC_WARN_UNUSED_VARIABLE = YES;
				IPHONEOS_DEPLOYMENT_TARGET = 12.2;
				MTL_ENABLE_DEBUG_INFO = NO;
				MTL_FAST_MATH = YES;
				SDKROOT = iphoneos;
				SWIFT_COMPILATION_MODE = wholemodule;
				SWIFT_OPTIMIZATION_LEVEL = "-O";
				VALIDATE_PRODUCT = YES;
			};
			name = Release;
		};
		0D0D1AD522FD73720057B6FE /* Debug */ = {
			isa = XCBuildConfiguration;
			baseConfigurationReference = 398C0D0AA3D781D11706C1DA /* Pods-EBBanerViewTest.debug.xcconfig */;
			buildSettings = {
				ASSETCATALOG_COMPILER_APPICON_NAME = AppIcon;
				CLANG_ENABLE_MODULES = YES;
				CODE_SIGN_STYLE = Automatic;
				DEVELOPMENT_TEAM = 6N87U2EBL4;
				INFOPLIST_FILE = EBBanerViewTest/Info.plist;
				LD_RUNPATH_SEARCH_PATHS = (
					"$(inherited)",
					"@executable_path/Frameworks",
				);
				PRODUCT_BUNDLE_IDENTIFIER = "---.EBBanerViewTest";
				PRODUCT_NAME = "$(TARGET_NAME)";
				SWIFT_OBJC_BRIDGING_HEADER = "EBBanerViewTest/EBBanerViewTest-Bridging-Header.h";
				SWIFT_OPTIMIZATION_LEVEL = "-Onone";
				SWIFT_VERSION = 5.0;
				TARGETED_DEVICE_FAMILY = "1,2";
			};
			name = Debug;
		};
		0D0D1AD622FD73720057B6FE /* Release */ = {
			isa = XCBuildConfiguration;
			baseConfigurationReference = 5A167804135E5A9092C46583 /* Pods-EBBanerViewTest.release.xcconfig */;
			buildSettings = {
				ASSETCATALOG_COMPILER_APPICON_NAME = AppIcon;
				CLANG_ENABLE_MODULES = YES;
				CODE_SIGN_STYLE = Automatic;
				DEVELOPMENT_TEAM = 6N87U2EBL4;
				INFOPLIST_FILE = EBBanerViewTest/Info.plist;
				LD_RUNPATH_SEARCH_PATHS = (
					"$(inherited)",
					"@executable_path/Frameworks",
				);
				PRODUCT_BUNDLE_IDENTIFIER = "---.EBBanerViewTest";
				PRODUCT_NAME = "$(TARGET_NAME)";
				SWIFT_OBJC_BRIDGING_HEADER = "EBBanerViewTest/EBBanerViewTest-Bridging-Header.h";
				SWIFT_VERSION = 5.0;
				TARGETED_DEVICE_FAMILY = "1,2";
			};
			name = Release;
		};
		0D0D1AD822FD73720057B6FE /* Debug */ = {
			isa = XCBuildConfiguration;
			buildSettings = {
				ALWAYS_EMBED_SWIFT_STANDARD_LIBRARIES = YES;
				BUNDLE_LOADER = "$(TEST_HOST)";
				CODE_SIGN_STYLE = Automatic;
				DEVELOPMENT_TEAM = 6N87U2EBL4;
				INFOPLIST_FILE = EBBanerViewTestTests/Info.plist;
				LD_RUNPATH_SEARCH_PATHS = (
					"$(inherited)",
					"@executable_path/Frameworks",
					"@loader_path/Frameworks",
				);
				PRODUCT_BUNDLE_IDENTIFIER = "---.EBBanerViewTestTests";
				PRODUCT_NAME = "$(TARGET_NAME)";
				SWIFT_VERSION = 5.0;
				TARGETED_DEVICE_FAMILY = "1,2";
				TEST_HOST = "$(BUILT_PRODUCTS_DIR)/EBBanerViewTest.app/EBBanerViewTest";
			};
			name = Debug;
		};
		0D0D1AD922FD73720057B6FE /* Release */ = {
			isa = XCBuildConfiguration;
			buildSettings = {
				ALWAYS_EMBED_SWIFT_STANDARD_LIBRARIES = YES;
				BUNDLE_LOADER = "$(TEST_HOST)";
				CODE_SIGN_STYLE = Automatic;
				DEVELOPMENT_TEAM = 6N87U2EBL4;
				INFOPLIST_FILE = EBBanerViewTestTests/Info.plist;
				LD_RUNPATH_SEARCH_PATHS = (
					"$(inherited)",
					"@executable_path/Frameworks",
					"@loader_path/Frameworks",
				);
				PRODUCT_BUNDLE_IDENTIFIER = "---.EBBanerViewTestTests";
				PRODUCT_NAME = "$(TARGET_NAME)";
				SWIFT_VERSION = 5.0;
				TARGETED_DEVICE_FAMILY = "1,2";
				TEST_HOST = "$(BUILT_PRODUCTS_DIR)/EBBanerViewTest.app/EBBanerViewTest";
			};
			name = Release;
		};
		0D0D1ADB22FD73720057B6FE /* Debug */ = {
			isa = XCBuildConfiguration;
			buildSettings = {
				ALWAYS_EMBED_SWIFT_STANDARD_LIBRARIES = YES;
				CODE_SIGN_STYLE = Automatic;
				DEVELOPMENT_TEAM = 6N87U2EBL4;
				INFOPLIST_FILE = EBBanerViewTestUITests/Info.plist;
				LD_RUNPATH_SEARCH_PATHS = (
					"$(inherited)",
					"@executable_path/Frameworks",
					"@loader_path/Frameworks",
				);
				PRODUCT_BUNDLE_IDENTIFIER = "---.EBBanerViewTestUITests";
				PRODUCT_NAME = "$(TARGET_NAME)";
				SWIFT_VERSION = 5.0;
				TARGETED_DEVICE_FAMILY = "1,2";
				TEST_TARGET_NAME = EBBanerViewTest;
			};
			name = Debug;
		};
		0D0D1ADC22FD73720057B6FE /* Release */ = {
			isa = XCBuildConfiguration;
			buildSettings = {
				ALWAYS_EMBED_SWIFT_STANDARD_LIBRARIES = YES;
				CODE_SIGN_STYLE = Automatic;
				DEVELOPMENT_TEAM = 6N87U2EBL4;
				INFOPLIST_FILE = EBBanerViewTestUITests/Info.plist;
				LD_RUNPATH_SEARCH_PATHS = (
					"$(inherited)",
					"@executable_path/Frameworks",
					"@loader_path/Frameworks",
				);
				PRODUCT_BUNDLE_IDENTIFIER = "---.EBBanerViewTestUITests";
				PRODUCT_NAME = "$(TARGET_NAME)";
				SWIFT_VERSION = 5.0;
				TARGETED_DEVICE_FAMILY = "1,2";
				TEST_TARGET_NAME = EBBanerViewTest;
			};
			name = Release;
		};
/* End XCBuildConfiguration section */

/* Begin XCConfigurationList section */
		0D0D1AA722FD73700057B6FE /* Build configuration list for PBXProject "EBBanerViewTest" */ = {
			isa = XCConfigurationList;
			buildConfigurations = (
				0D0D1AD222FD73720057B6FE /* Debug */,
				0D0D1AD322FD73720057B6FE /* Release */,
			);
			defaultConfigurationIsVisible = 0;
			defaultConfigurationName = Release;
		};
		0D0D1AD422FD73720057B6FE /* Build configuration list for PBXNativeTarget "EBBanerViewTest" */ = {
			isa = XCConfigurationList;
			buildConfigurations = (
				0D0D1AD522FD73720057B6FE /* Debug */,
				0D0D1AD622FD73720057B6FE /* Release */,
			);
			defaultConfigurationIsVisible = 0;
			defaultConfigurationName = Release;
		};
		0D0D1AD722FD73720057B6FE /* Build configuration list for PBXNativeTarget "EBBanerViewTestTests" */ = {
			isa = XCConfigurationList;
			buildConfigurations = (
				0D0D1AD822FD73720057B6FE /* Debug */,
				0D0D1AD922FD73720057B6FE /* Release */,
			);
			defaultConfigurationIsVisible = 0;
			defaultConfigurationName = Release;
		};
		0D0D1ADA22FD73720057B6FE /* Build configuration list for PBXNativeTarget "EBBanerViewTestUITests" */ = {
			isa = XCConfigurationList;
			buildConfigurations = (
				0D0D1ADB22FD73720057B6FE /* Debug */,
				0D0D1ADC22FD73720057B6FE /* Release */,
			);
			defaultConfigurationIsVisible = 0;
			defaultConfigurationName = Release;
		};
/* End XCConfigurationList section */
	};
	rootObject = 0D0D1AA422FD73700057B6FE /* Project object */;
}
